Microsoft Visual Studio Solution File, Format Version 12.00
# Visual Studio 2012
Project("{FAE04EC0-301F-11D3-BF4B-00C04F79EFBC}") = "3d Prototype", "3d Prototype.csproj", "{7AAEB55B-B6E3-4F3A-994D-C4C5B5BB73AD}"
EndProject
Global
	GlobalSection(SolutionConfigurationPlatforms) = preSolution
	Debug|Any CPU = Debug|Any CPU
	ExportDebug|Any CPU = ExportDebug|Any CPU
	ExportRelease|Any CPU = ExportRelease|Any CPU
	EndGlobalSection
	GlobalSection(ProjectConfigurationPlatforms) = postSolution
		{7AAEB55B-B6E3-4F3A-994D-C4C5B5BB73AD}.Debug|Any CPU.ActiveCfg = Debug|Any CPU
		{7AAEB55B-B6E3-4F3A-994D-C4C5B5BB73AD}.Debug|Any CPU.Build.0 = Debug|Any CPU
		{7AAEB55B-B6E3-4F3A-994D-C4C5B5BB73AD}.ExportDebug|Any CPU.ActiveCfg = ExportDebug|Any CPU
		{7AAEB55B-B6E3-4F3A-994D-C4C5B5BB73AD}.ExportDebug|Any CPU.Build.0 = ExportDebug|Any CPU
		{7AAEB55B-B6E3-4F3A-994D-C4C5B5BB73AD}.ExportRelease|Any CPU.ActiveCfg = ExportRelease|Any CPU
		{7AAEB55B-B6E3-4F3A-994D-C4C5B5BB73AD}.ExportRelease|Any CPU.Build.0 = ExportRelease|Any CPU
	EndGlobalSection
EndGlobal
